
Microsoft Visual Studio Solution File, Format Version 12.00
# Visual Studio 15
VisualStudioVersion = 15.0.28307.329
MinimumVisualStudioVersion = 10.0.40219.1
Project("{FAE04EC0-301F-11D3-BF4B-00C04F79EFBC}") = "MonstersEveryWhere", "MonstersEveryWhere\MonstersEveryWhere.csproj", "{7D877FEB-DE80-4CF5-9283-3781D7E4BCC1}"
EndProject
Global
	GlobalSection(SolutionConfigurationPlatforms) = preSolution
		Debug|Any CPU = Debug|Any CPU
		Release|Any CPU = Release|Any CPU
	EndGlobalSection
	GlobalSection(ProjectConfigurationPlatforms) = postSolution
		{7D877FEB-DE80-4CF5-9283-3781D7E4BCC1}.Debug|Any CPU.ActiveCfg = Debug|Any CPU
		{7D877FEB-DE80-4CF5-9283-3781D7E4BCC1}.Debug|Any CPU.Build.0 = Debug|Any CPU
		{7D877FEB-DE80-4CF5-9283-3781D7E4BCC1}.Release|Any CPU.ActiveCfg = Release|Any CPU
		{7D877FEB-DE80-4CF5-9283-3781D7E4BCC1}.Release|Any CPU.Build.0 = Release|Any CPU
	EndGlobalSection
	GlobalSection(SolutionProperties) = preSolution
		HideSolutionNode = FALSE
	EndGlobalSection
	GlobalSection(ExtensibilityGlobals) = postSolution
		SolutionGuid = {FF424821-7F0A-4D28-A5B5-40457C9C1A04}
	EndGlobalSection
EndGlobal
